// !$*UTF8*$!
{
	archiveVersion = 1;
	classes = {
	};
	objectVersion = 55;
	objects = {

/* Begin PBXBuildFile section */
		BD61D57A28463879009CD9A5 /* FacebookAEM in Frameworks */ = {isa = PBXBuildFile; productRef = BD61D57928463879009CD9A5 /* FacebookAEM */; };
		BD61D57C28463879009CD9A5 /* FacebookBasics in Frameworks */ = {isa = PBXBuildFile; productRef = BD61D57B28463879009CD9A5 /* FacebookBasics */; };
		BD61D57E28463879009CD9A5 /* FacebookCore in Frameworks */ = {isa = PBXBuildFile; productRef = BD61D57D28463879009CD9A5 /* FacebookCore */; };
		BD61D58028463879009CD9A5 /* FacebookGamingServices in Frameworks */ = {isa = PBXBuildFile; productRef = BD61D57F28463879009CD9A5 /* FacebookGamingServices */; };
		BD61D58228463879009CD9A5 /* FacebookLogin in Frameworks */ = {isa = PBXBuildFile; productRef = BD61D58128463879009CD9A5 /* FacebookLogin */; };
		BD61D58428463879009CD9A5 /* FacebookShare in Frameworks */ = {isa = PBXBuildFile; productRef = BD61D58328463879009CD9A5 /* FacebookShare */; };
		BD61D58628463A5B009CD9A5 /* kacktus-mobile in Frameworks */ = {isa = PBXBuildFile; productRef = BD61D58528463A5B009CD9A5 /* kacktus-mobile */; };
		BD61D599284E5708009CD9A5 /* FacebookLogInfoVC.swift in Sources */ = {isa = PBXBuildFile; fileRef = BD61D598284E5708009CD9A5 /* FacebookLogInfoVC.swift */; };
		BD61D59B284E5717009CD9A5 /* FacebookLogInfo.storyboard in Resources */ = {isa = PBXBuildFile; fileRef = BD61D59A284E5717009CD9A5 /* FacebookLogInfo.storyboard */; };
		BD8CB0A52846098E00AC0838 /* AppDelegate.swift in Sources */ = {isa = PBXBuildFile; fileRef = BD8CB0A42846098E00AC0838 /* AppDelegate.swift */; };
		BD8CB0A72846098E00AC0838 /* SceneDelegate.swift in Sources */ = {isa = PBXBuildFile; fileRef = BD8CB0A62846098E00AC0838 /* SceneDelegate.swift */; };
		BD8CB0A92846098E00AC0838 /* ViewController.swift in Sources */ = {isa = PBXBuildFile; fileRef = BD8CB0A82846098E00AC0838 /* ViewController.swift */; };
		BD8CB0AC2846098E00AC0838 /* Main.storyboard in Resources */ = {isa = PBXBuildFile; fileRef = BD8CB0AA2846098E00AC0838 /* Main.storyboard */; };
		BD8CB0AF2846098E00AC0838 /* TestKacktusLib.xcdatamodeld in Sources */ = {isa = PBXBuildFile; fileRef = BD8CB0AD2846098E00AC0838 /* TestKacktusLib.xcdatamodeld */; };
		BD8CB0B12846099000AC0838 /* Assets.xcassets in Resources */ = {isa = PBXBuildFile; fileRef = BD8CB0B02846099000AC0838 /* Assets.xcassets */; };
		BD8CB0B42846099000AC0838 /* LaunchScreen.storyboard in Resources */ = {isa = PBXBuildFile; fileRef = BD8CB0B22846099000AC0838 /* LaunchScreen.storyboard */; };
/* End PBXBuildFile section */

/* Begin PBXFileReference section */
		BD61D566284630CF009CD9A5 /* TestKacktusLib.entitlements */ = {isa = PBXFileReference; lastKnownFileType = text.plist.entitlements; path = TestKacktusLib.entitlements; sourceTree = "<group>"; };
		BD61D568284635BD009CD9A5 /* kacktus-mobile */ = {isa = PBXFileReference; lastKnownFileType = wrapper; name = "kacktus-mobile"; path = "../../../../kacktus-mobile"; sourceTree = "<group>"; };
		BD61D598284E5708009CD9A5 /* FacebookLogInfoVC.swift */ = {isa = PBXFileReference; lastKnownFileType = sourcecode.swift; path = FacebookLogInfoVC.swift; sourceTree = "<group>"; };
		BD61D59A284E5717009CD9A5 /* FacebookLogInfo.storyboard */ = {isa = PBXFileReference; lastKnownFileType = file.storyboard; path = FacebookLogInfo.storyboard; sourceTree = "<group>"; };
		BD8CB0A12846098E00AC0838 /* TestKacktusLib.app */ = {isa = PBXFileReference; explicitFileType = wrapper.application; includeInIndex = 0; path = TestKacktusLib.app; sourceTree = BUILT_PRODUCTS_DIR; };
		BD8CB0A42846098E00AC0838 /* AppDelegate.swift */ = {isa = PBXFileReference; lastKnownFileType = sourcecode.swift; path = AppDelegate.swift; sourceTree = "<group>"; };
		BD8CB0A62846098E00AC0838 /* SceneDelegate.swift */ = {isa = PBXFileReference; lastKnownFileType = sourcecode.swift; path = SceneDelegate.swift; sourceTree = "<group>"; };
		BD8CB0A82846098E00AC0838 /* ViewController.swift */ = {isa = PBXFileReference; lastKnownFileType = sourcecode.swift; path = ViewController.swift; sourceTree = "<group>"; };
		BD8CB0AB2846098E00AC0838 /* Base */ = {isa = PBXFileReference; lastKnownFileType = file.storyboard; name = Base; path = Base.lproj/Main.storyboard; sourceTree = "<group>"; };
		BD8CB0AE2846098E00AC0838 /* TestKacktusLib.xcdatamodel */ = {isa = PBXFileReference; lastKnownFileType = wrapper.xcdatamodel; path = TestKacktusLib.xcdatamodel; sourceTree = "<group>"; };
		BD8CB0B02846099000AC0838 /* Assets.xcassets */ = {isa = PBXFileReference; lastKnownFileType = folder.assetcatalog; path = Assets.xcassets; sourceTree = "<group>"; };
		BD8CB0B32846099000AC0838 /* Base */ = {isa = PBXFileReference; lastKnownFileType = file.storyboard; name = Base; path = Base.lproj/LaunchScreen.storyboard; sourceTree = "<group>"; };
		BD8CB0B52846099000AC0838 /* Info.plist */ = {isa = PBXFileReference; lastKnownFileType = text.plist.xml; path = Info.plist; sourceTree = "<group>"; };
/* End PBXFileReference section */

/* Begin PBXFrameworksBuildPhase section */
		BD8CB09E2846098E00AC0838 /* Frameworks */ = {
			isa = PBXFrameworksBuildPhase;
			buildActionMask = 2147483647;
			files = (
				BD61D58228463879009CD9A5 /* FacebookLogin in Frameworks */,
				BD61D57A28463879009CD9A5 /* FacebookAEM in Frameworks */,
				BD61D58428463879009CD9A5 /* FacebookShare in Frameworks */,
				BD61D57E28463879009CD9A5 /* FacebookCore in Frameworks */,
				BD61D57C28463879009CD9A5 /* FacebookBasics in Frameworks */,
				BD61D58628463A5B009CD9A5 /* kacktus-mobile in Frameworks */,
				BD61D58028463879009CD9A5 /* FacebookGamingServices in Frameworks */,
			);
			runOnlyForDeploymentPostprocessing = 0;
		};
/* End PBXFrameworksBuildPhase section */

/* Begin PBXGroup section */
		BD61D55A284611CD009CD9A5 /* Packages */ = {
			isa = PBXGroup;
			children = (
				BD61D568284635BD009CD9A5 /* kacktus-mobile */,
			);
			name = Packages;
			sourceTree = "<group>";
		};
		BD61D56328461A57009CD9A5 /* Frameworks */ = {
			isa = PBXGroup;
			children = (
			);
			name = Frameworks;
			sourceTree = "<group>";
		};
		BD61D597284E56E7009CD9A5 /* FacebookLogInfo */ = {
			isa = PBXGroup;
			children = (
				BD61D598284E5708009CD9A5 /* FacebookLogInfoVC.swift */,
				BD61D59A284E5717009CD9A5 /* FacebookLogInfo.storyboard */,
			);
			path = FacebookLogInfo;
			sourceTree = "<group>";
		};
		BD8CB0982846098E00AC0838 = {
			isa = PBXGroup;
			children = (
				BD61D55A284611CD009CD9A5 /* Packages */,
				BD8CB0A32846098E00AC0838 /* TestKacktusLib */,
				BD8CB0A22846098E00AC0838 /* Products */,
				BD61D56328461A57009CD9A5 /* Frameworks */,
			);
			sourceTree = "<group>";
		};
		BD8CB0A22846098E00AC0838 /* Products */ = {
			isa = PBXGroup;
			children = (
				BD8CB0A12846098E00AC0838 /* TestKacktusLib.app */,
			);
			name = Products;
			sourceTree = "<group>";
		};
		BD8CB0A32846098E00AC0838 /* TestKacktusLib */ = {
			isa = PBXGroup;
			children = (
				BD61D597284E56E7009CD9A5 /* FacebookLogInfo */,
				BD61D566284630CF009CD9A5 /* TestKacktusLib.entitlements */,
				BD8CB0A42846098E00AC0838 /* AppDelegate.swift */,
				BD8CB0A62846098E00AC0838 /* SceneDelegate.swift */,
				BD8CB0A82846098E00AC0838 /* ViewController.swift */,
				BD8CB0AA2846098E00AC0838 /* Main.storyboard */,
				BD8CB0B02846099000AC0838 /* Assets.xcassets */,
				BD8CB0B22846099000AC0838 /* LaunchScreen.storyboard */,
				BD8CB0B52846099000AC0838 /* Info.plist */,
				BD8CB0AD2846098E00AC0838 /* TestKacktusLib.xcdatamodeld */,
			);
			path = TestKacktusLib;
			sourceTree = "<group>";
		};
/* End PBXGroup section */

/* Begin PBXNativeTarget section */
		BD8CB0A02846098E00AC0838 /* TestKacktusLib */ = {
			isa = PBXNativeTarget;
			buildConfigurationList = BD8CB0B82846099000AC0838 /* Build configuration list for PBXNativeTarget "TestKacktusLib" */;
			buildPhases = (
				BD8CB09D2846098E00AC0838 /* Sources */,
				BD8CB09E2846098E00AC0838 /* Frameworks */,
				BD8CB09F2846098E00AC0838 /* Resources */,
			);
			buildRules = (
			);
			dependencies = (
			);
			name = TestKacktusLib;
			packageProductDependencies = (
				BD61D57928463879009CD9A5 /* FacebookAEM */,
				BD61D57B28463879009CD9A5 /* FacebookBasics */,
				BD61D57D28463879009CD9A5 /* FacebookCore */,
				BD61D57F28463879009CD9A5 /* FacebookGamingServices */,
				BD61D58128463879009CD9A5 /* FacebookLogin */,
				BD61D58328463879009CD9A5 /* FacebookShare */,
				BD61D58528463A5B009CD9A5 /* kacktus-mobile */,
			);
			productName = TestKacktusLib;
			productReference = BD8CB0A12846098E00AC0838 /* TestKacktusLib.app */;
			productType = "com.apple.product-type.application";
		};
/* End PBXNativeTarget section */

/* Begin PBXProject section */
		BD8CB0992846098E00AC0838 /* Project object */ = {
			isa = PBXProject;
			attributes = {
				BuildIndependentTargetsInParallel = 1;
				LastSwiftUpdateCheck = 1330;
				LastUpgradeCheck = 1330;
				TargetAttributes = {
					BD8CB0A02846098E00AC0838 = {
						CreatedOnToolsVersion = 13.3;
					};
				};
			};
			buildConfigurationList = BD8CB09C2846098E00AC0838 /* Build configuration list for PBXProject "TestKacktusLib" */;
			compatibilityVersion = "Xcode 13.0";
			developmentRegion = en;
			hasScannedForEncodings = 0;
			knownRegions = (
				en,
				Base,
			);
			mainGroup = BD8CB0982846098E00AC0838;
			packageReferences = (
				BD61D57828463879009CD9A5 /* XCRemoteSwiftPackageReference "facebook-ios-sdk" */,
				BD61D5AB284F754B009CD9A5 /* XCRemoteSwiftPackageReference "GoogleSignIn-iOS" */,
			);
			productRefGroup = BD8CB0A22846098E00AC0838 /* Products */;
			projectDirPath = "";
			projectRoot = "";
			targets = (
				BD8CB0A02846098E00AC0838 /* TestKacktusLib */,
			);
		};
/* End PBXProject section */

/* Begin PBXResourcesBuildPhase section */
		BD8CB09F2846098E00AC0838 /* Resources */ = {
			isa = PBXResourcesBuildPhase;
			buildActionMask = 2147483647;
			files = (
				BD8CB0B42846099000AC0838 /* LaunchScreen.storyboard in Resources */,
				BD61D59B284E5717009CD9A5 /* FacebookLogInfo.storyboard in Resources */,
				BD8CB0B12846099000AC0838 /* Assets.xcassets in Resources */,
				BD8CB0AC2846098E00AC0838 /* Main.storyboard in Resources */,
			);
			runOnlyForDeploymentPostprocessing = 0;
		};
/* End PBXResourcesBuildPhase section */

/* Begin PBXSourcesBuildPhase section */
		BD8CB09D2846098E00AC0838 /* Sources */ = {
			isa = PBXSourcesBuildPhase;
			buildActionMask = 2147483647;
			files = (
				BD8CB0AF2846098E00AC0838 /* TestKacktusLib.xcdatamodeld in Sources */,
				BD8CB0A92846098E00AC0838 /* ViewController.swift in Sources */,
				BD8CB0A52846098E00AC0838 /* AppDelegate.swift in Sources */,
				BD61D599284E5708009CD9A5 /* FacebookLogInfoVC.swift in Sources */,
				BD8CB0A72846098E00AC0838 /* SceneDelegate.swift in Sources */,
			);
			runOnlyForDeploymentPostprocessing = 0;
		};
/* End PBXSourcesBuildPhase section */

/* Begin PBXVariantGroup section */
		BD8CB0AA2846098E00AC0838 /* Main.storyboard */ = {
			isa = PBXVariantGroup;
			children = (
				BD8CB0AB2846098E00AC0838 /* Base */,
			);
			name = Main.storyboard;
			sourceTree = "<group>";
		};
		BD8CB0B22846099000AC0838 /* LaunchScreen.storyboard */ = {
			isa = PBXVariantGroup;
			children = (
				BD8CB0B32846099000AC0838 /* Base */,
			);
			name = LaunchScreen.storyboard;
			sourceTree = "<group>";
		};
/* End PBXVariantGroup section */

/* Begin XCBuildConfiguration section */
		BD8CB0B62846099000AC0838 /* Debug */ = {
			isa = XCBuildConfiguration;
			buildSettings = {
				ALWAYS_SEARCH_USER_PATHS = NO;
				CLANG_ANALYZER_NONNULL = YES;
				CLANG_ANALYZER_NUMBER_OBJECT_CONVERSION = YES_AGGRESSIVE;
				CLANG_CXX_LANGUAGE_STANDARD = "gnu++17";
				CLANG_ENABLE_MODULES = YES;
				CLANG_ENABLE_OBJC_ARC = YES;
				CLANG_ENABLE_OBJC_WEAK = YES;
				CLANG_WARN_BLOCK_CAPTURE_AUTORELEASING = YES;
				CLANG_WARN_BOOL_CONVERSION = YES;
				CLANG_WARN_COMMA = YES;
				CLANG_WARN_CONSTANT_CONVERSION = YES;
				CLANG_WARN_DEPRECATED_OBJC_IMPLEMENTATIONS = YES;
				CLANG_WARN_DIRECT_OBJC_ISA_USAGE = YES_ERROR;
				CLANG_WARN_DOCUMENTATION_COMMENTS = YES;
				CLANG_WARN_EMPTY_BODY = YES;
				CLANG_WARN_ENUM_CONVERSION = YES;
				CLANG_WARN_INFINITE_RECURSION = YES;
				CLANG_WARN_INT_CONVERSION = YES;
				CLANG_WARN_NON_LITERAL_NULL_CONVERSION = YES;
				CLANG_WARN_OBJC_IMPLICIT_RETAIN_SELF = YES;
				CLANG_WARN_OBJC_LITERAL_CONVERSION = YES;
				CLANG_WARN_OBJC_ROOT_CLASS = YES_ERROR;
				CLANG_WARN_QUOTED_INCLUDE_IN_FRAMEWORK_HEADER = YES;
				CLANG_WARN_RANGE_LOOP_ANALYSIS = YES;
				CLANG_WARN_STRICT_PROTOTYPES = YES;
				CLANG_WARN_SUSPICIOUS_MOVE = YES;
				CLANG_WARN_UNGUARDED_AVAILABILITY = YES_AGGRESSIVE;
				CLANG_WARN_UNREACHABLE_CODE = YES;
				CLANG_WARN__DUPLICATE_METHOD_MATCH = YES;
				COPY_PHASE_STRIP = NO;
				DEBUG_INFORMATION_FORMAT = dwarf;
				ENABLE_STRICT_OBJC_MSGSEND = YES;
				ENABLE_TESTABILITY = YES;
				GCC_C_LANGUAGE_STANDARD = gnu11;
				GCC_DYNAMIC_NO_PIC = NO;
				GCC_NO_COMMON_BLOCKS = YES;
				GCC_OPTIMIZATION_LEVEL = 0;
				GCC_PREPROCESSOR_DEFINITIONS = (
					"DEBUG=1",
					"$(inherited)",
				);
				GCC_WARN_64_TO_32_BIT_CONVERSION = YES;
				GCC_WARN_ABOUT_RETURN_TYPE = YES_ERROR;
				GCC_WARN_UNDECLARED_SELECTOR = YES;
				GCC_WARN_UNINITIALIZED_AUTOS = YES_AGGRESSIVE;
				GCC_WARN_UNUSED_FUNCTION = YES;
				GCC_WARN_UNUSED_VARIABLE = YES;
				IPHONEOS_DEPLOYMENT_TARGET = 15.4;
				MTL_ENABLE_DEBUG_INFO = INCLUDE_SOURCE;
				MTL_FAST_MATH = YES;
				ONLY_ACTIVE_ARCH = YES;
				SDKROOT = iphoneos;
				SWIFT_ACTIVE_COMPILATION_CONDITIONS = DEBUG;
				SWIFT_OPTIMIZATION_LEVEL = "-Onone";
			};
			name = Debug;
		};
		BD8CB0B72846099000AC0838 /* Release */ = {
			isa = XCBuildConfiguration;
			buildSettings = {
				ALWAYS_SEARCH_USER_PATHS = NO;
				CLANG_ANALYZER_NONNULL = YES;
				CLANG_ANALYZER_NUMBER_OBJECT_CONVERSION = YES_AGGRESSIVE;
				CLANG_CXX_LANGUAGE_STANDARD = "gnu++17";
				CLANG_ENABLE_MODULES = YES;
				CLANG_ENABLE_OBJC_ARC = YES;
				CLANG_ENABLE_OBJC_WEAK = YES;
				CLANG_WARN_BLOCK_CAPTURE_AUTORELEASING = YES;
				CLANG_WARN_BOOL_CONVERSION = YES;
				CLANG_WARN_COMMA = YES;
				CLANG_WARN_CONSTANT_CONVERSION = YES;
				CLANG_WARN_DEPRECATED_OBJC_IMPLEMENTATIONS = YES;
				CLANG_WARN_DIRECT_OBJC_ISA_USAGE = YES_ERROR;
				CLANG_WARN_DOCUMENTATION_COMMENTS = YES;
				CLANG_WARN_EMPTY_BODY = YES;
				CLANG_WARN_ENUM_CONVERSION = YES;
				CLANG_WARN_INFINITE_RECURSION = YES;
				CLANG_WARN_INT_CONVERSION = YES;
				CLANG_WARN_NON_LITERAL_NULL_CONVERSION = YES;
				CLANG_WARN_OBJC_IMPLICIT_RETAIN_SELF = YES;
				CLANG_WARN_OBJC_LITERAL_CONVERSION = YES;
				CLANG_WARN_OBJC_ROOT_CLASS = YES_ERROR;
				CLANG_WARN_QUOTED_INCLUDE_IN_FRAMEWORK_HEADER = YES;
				CLANG_WARN_RANGE_LOOP_ANALYSIS = YES;
				CLANG_WARN_STRICT_PROTOTYPES = YES;
				CLANG_WARN_SUSPICIOUS_MOVE = YES;
				CLANG_WARN_UNGUARDED_AVAILABILITY = YES_AGGRESSIVE;
				CLANG_WARN_UNREACHABLE_CODE = YES;
				CLANG_WARN__DUPLICATE_METHOD_MATCH = YES;
				COPY_PHASE_STRIP = NO;
				DEBUG_INFORMATION_FORMAT = "dwarf-with-dsym";
				ENABLE_NS_ASSERTIONS = NO;
				ENABLE_STRICT_OBJC_MSGSEND = YES;
				GCC_C_LANGUAGE_STANDARD = gnu11;
				GCC_NO_COMMON_BLOCKS = YES;
				GCC_WARN_64_TO_32_BIT_CONVERSION = YES;
				GCC_WARN_ABOUT_RETURN_TYPE = YES_ERROR;
				GCC_WARN_UNDECLARED_SELECTOR = YES;
				GCC_WARN_UNINITIALIZED_AUTOS = YES_AGGRESSIVE;
				GCC_WARN_UNUSED_FUNCTION = YES;
				GCC_WARN_UNUSED_VARIABLE = YES;
				IPHONEOS_DEPLOYMENT_TARGET = 15.4;
				MTL_ENABLE_DEBUG_INFO = NO;
				MTL_FAST_MATH = YES;
				SDKROOT = iphoneos;
				SWIFT_COMPILATION_MODE = wholemodule;
				SWIFT_OPTIMIZATION_LEVEL = "-O";
				VALIDATE_PRODUCT = YES;
			};
			name = Release;
		};
		BD8CB0B92846099000AC0838 /* Debug */ = {
			isa = XCBuildConfiguration;
			buildSettings = {
				ASSETCATALOG_COMPILER_APPICON_NAME = AppIcon;
				ASSETCATALOG_COMPILER_GLOBAL_ACCENT_COLOR_NAME = AccentColor;
				CODE_SIGN_ENTITLEMENTS = TestKacktusLib/TestKacktusLib.entitlements;
				CODE_SIGN_STYLE = Automatic;
				CURRENT_PROJECT_VERSION = 1;
				DEVELOPMENT_TEAM = FY54V84MU5;
				GENERATE_INFOPLIST_FILE = YES;
				INFOPLIST_FILE = TestKacktusLib/Info.plist;
				INFOPLIST_KEY_UIApplicationSupportsIndirectInputEvents = YES;
				INFOPLIST_KEY_UILaunchStoryboardName = LaunchScreen;
				INFOPLIST_KEY_UIMainStoryboardFile = Main;
				INFOPLIST_KEY_UISupportedInterfaceOrientations_iPad = "UIInterfaceOrientationPortrait UIInterfaceOrientationPortraitUpsideDown UIInterfaceOrientationLandscapeLeft UIInterfaceOrientationLandscapeRight";
				INFOPLIST_KEY_UISupportedInterfaceOrientations_iPhone = "UIInterfaceOrientationPortrait UIInterfaceOrientationLandscapeLeft UIInterfaceOrientationLandscapeRight";
				LD_RUNPATH_SEARCH_PATHS = (
					"$(inherited)",
					"@executable_path/Frameworks",
				);
				MARKETING_VERSION = 1.0;
				PRODUCT_BUNDLE_IDENTIFIER = metide.TestKacktusLib;
				PRODUCT_NAME = "$(TARGET_NAME)";
				SWIFT_EMIT_LOC_STRINGS = YES;
				SWIFT_VERSION = 5.0;
				TARGETED_DEVICE_FAMILY = "1,2";
			};
			name = Debug;
		};
		BD8CB0BA2846099000AC0838 /* Release */ = {
			isa = XCBuildConfiguration;
			buildSettings = {
				ASSETCATALOG_COMPILER_APPICON_NAME = AppIcon;
				ASSETCATALOG_COMPILER_GLOBAL_ACCENT_COLOR_NAME = AccentColor;
				CODE_SIGN_ENTITLEMENTS = TestKacktusLib/TestKacktusLib.entitlements;
				CODE_SIGN_STYLE = Automatic;
				CURRENT_PROJECT_VERSION = 1;
				DEVELOPMENT_TEAM = FY54V84MU5;
				GENERATE_INFOPLIST_FILE = YES;
				INFOPLIST_FILE = TestKacktusLib/Info.plist;
				INFOPLIST_KEY_UIApplicationSupportsIndirectInputEvents = YES;
				INFOPLIST_KEY_UILaunchStoryboardName = LaunchScreen;
				INFOPLIST_KEY_UIMainStoryboardFile = Main;
				INFOPLIST_KEY_UISupportedInterfaceOrientations_iPad = "UIInterfaceOrientationPortrait UIInterfaceOrientationPortraitUpsideDown UIInterfaceOrientationLandscapeLeft UIInterfaceOrientationLandscapeRight";
				INFOPLIST_KEY_UISupportedInterfaceOrientations_iPhone = "UIInterfaceOrientationPortrait UIInterfaceOrientationLandscapeLeft UIInterfaceOrientationLandscapeRight";
				LD_RUNPATH_SEARCH_PATHS = (
					"$(inherited)",
					"@executable_path/Frameworks",
				);
				MARKETING_VERSION = 1.0;
				PRODUCT_BUNDLE_IDENTIFIER = metide.TestKacktusLib;
				PRODUCT_NAME = "$(TARGET_NAME)";
				SWIFT_EMIT_LOC_STRINGS = YES;
				SWIFT_VERSION = 5.0;
				TARGETED_DEVICE_FAMILY = "1,2";
			};
			name = Release;
		};
/* End XCBuildConfiguration section */

/* Begin XCConfigurationList section */
		BD8CB09C2846098E00AC0838 /* Build configuration list for PBXProject "TestKacktusLib" */ = {
			isa = XCConfigurationList;
			buildConfigurations = (
				BD8CB0B62846099000AC0838 /* Debug */,
				BD8CB0B72846099000AC0838 /* Release */,
			);
			defaultConfigurationIsVisible = 0;
			defaultConfigurationName = Release;
		};
		BD8CB0B82846099000AC0838 /* Build configuration list for PBXNativeTarget "TestKacktusLib" */ = {
			isa = XCConfigurationList;
			buildConfigurations = (
				BD8CB0B92846099000AC0838 /* Debug */,
				BD8CB0BA2846099000AC0838 /* Release */,
			);
			defaultConfigurationIsVisible = 0;
			defaultConfigurationName = Release;
		};
/* End XCConfigurationList section */

/* Begin XCRemoteSwiftPackageReference section */
		BD61D57828463879009CD9A5 /* XCRemoteSwiftPackageReference "facebook-ios-sdk" */ = {
			isa = XCRemoteSwiftPackageReference;
			repositoryURL = "https://github.com/facebook/facebook-ios-sdk";
			requirement = {
				branch = main;
				kind = branch;
			};
		};
		BD61D5AB284F754B009CD9A5 /* XCRemoteSwiftPackageReference "GoogleSignIn-iOS" */ = {
			isa = XCRemoteSwiftPackageReference;
			repositoryURL = "https://github.com/google/GoogleSignIn-iOS.git";
			requirement = {
				branch = main;
				kind = branch;
			};
		};
/* End XCRemoteSwiftPackageReference section */

/* Begin XCSwiftPackageProductDependency section */
		BD61D57928463879009CD9A5 /* FacebookAEM */ = {
			isa = XCSwiftPackageProductDependency;
			package = BD61D57828463879009CD9A5 /* XCRemoteSwiftPackageReference "facebook-ios-sdk" */;
			productName = FacebookAEM;
		};
		BD61D57B28463879009CD9A5 /* FacebookBasics */ = {
			isa = XCSwiftPackageProductDependency;
			package = BD61D57828463879009CD9A5 /* XCRemoteSwiftPackageReference "facebook-ios-sdk" */;
			productName = FacebookBasics;
		};
		BD61D57D28463879009CD9A5 /* FacebookCore */ = {
			isa = XCSwiftPackageProductDependency;
			package = BD61D57828463879009CD9A5 /* XCRemoteSwiftPackageReference "facebook-ios-sdk" */;
			productName = FacebookCore;
		};
		BD61D57F28463879009CD9A5 /* FacebookGamingServices */ = {
			isa = XCSwiftPackageProductDependency;
			package = BD61D57828463879009CD9A5 /* XCRemoteSwiftPackageReference "facebook-ios-sdk" */;
			productName = FacebookGamingServices;
		};
		BD61D58128463879009CD9A5 /* FacebookLogin */ = {
			isa = XCSwiftPackageProductDependency;
			package = BD61D57828463879009CD9A5 /* XCRemoteSwiftPackageReference "facebook-ios-sdk" */;
			productName = FacebookLogin;
		};
		BD61D58328463879009CD9A5 /* FacebookShare */ = {
			isa = XCSwiftPackageProductDependency;
			package = BD61D57828463879009CD9A5 /* XCRemoteSwiftPackageReference "facebook-ios-sdk" */;
			productName = FacebookShare;
		};
		BD61D58528463A5B009CD9A5 /* kacktus-mobile */ = {
			isa = XCSwiftPackageProductDependency;
			productName = "kacktus-mobile";
		};
/* End XCSwiftPackageProductDependency section */

/* Begin XCVersionGroup section */
		BD8CB0AD2846098E00AC0838 /* TestKacktusLib.xcdatamodeld */ = {
			isa = XCVersionGroup;
			children = (
				BD8CB0AE2846098E00AC0838 /* TestKacktusLib.xcdatamodel */,
			);
			currentVersion = BD8CB0AE2846098E00AC0838 /* TestKacktusLib.xcdatamodel */;
			path = TestKacktusLib.xcdatamodeld;
			sourceTree = "<group>";
			versionGroupType = wrapper.xcdatamodel;
		};
/* End XCVersionGroup section */
	};
	rootObject = BD8CB0992846098E00AC0838 /* Project object */;
}
